
Microsoft Visual Studio Solution File, Format Version 12.00
# Visual Studio Version 16
VisualStudioVersion = 16.0.30320.27
MinimumVisualStudioVersion = 10.0.40219.1
Project("{8BC9CEB8-8B4A-11D0-8D11-00A0C91BC942}") = "Week2-3", "Week2-3\Week2-3.vcxproj", "{FF529FDF-4A47-4376-9DAE-1CB2E504B591}"
EndProject
Global
	GlobalSection(SolutionConfigurationPlatforms) = preSolution
		Debug|x64 = Debug|x64
		Debug|x86 = Debug|x86
		Release|x64 = Release|x64
		Release|x86 = Release|x86
	EndGlobalSection
	GlobalSection(ProjectConfigurationPlatforms) = postSolution
		{FF529FDF-4A47-4376-9DAE-1CB2E504B591}.Debug|x64.ActiveCfg = Debug|x64
		{FF529FDF-4A47-4376-9DAE-1CB2E504B591}.Debug|x64.Build.0 = Debug|x64
		{FF529FDF-4A47-4376-9DAE-1CB2E504B591}.Debug|x86.ActiveCfg = Debug|Win32
		{FF529FDF-4A47-4376-9DAE-1CB2E504B591}.Debug|x86.Build.0 = Debug|Win32
		{FF529FDF-4A47-4376-9DAE-1CB2E504B591}.Release|x64.ActiveCfg = Release|x64
		{FF529FDF-4A47-4376-9DAE-1CB2E504B591}.Release|x64.Build.0 = Release|x64
		{FF529FDF-4A47-4376-9DAE-1CB2E504B591}.Release|x86.ActiveCfg = Release|Win32
		{FF529FDF-4A47-4376-9DAE-1CB2E504B591}.Release|x86.Build.0 = Release|Win32
	EndGlobalSection
	GlobalSection(SolutionProperties) = preSolution
		HideSolutionNode = FALSE
	EndGlobalSection
	GlobalSection(ExtensibilityGlobals) = postSolution
		SolutionGuid = {50963B85-5E3D-4651-930B-21099D2C533C}
	EndGlobalSection
EndGlobal
