
Microsoft Visual Studio Solution File, Format Version 12.00
# Visual Studio Version 16
VisualStudioVersion = 16.0.30320.27
MinimumVisualStudioVersion = 10.0.40219.1
Project("{8BC9CEB8-8B4A-11D0-8D11-00A0C91BC942}") = "Week2-2", "Week2-2\Week2-2.vcxproj", "{F1119508-73DB-47CD-BB6A-0639024EB616}"
EndProject
Global
	GlobalSection(SolutionConfigurationPlatforms) = preSolution
		Debug|x64 = Debug|x64
		Debug|x86 = Debug|x86
		Release|x64 = Release|x64
		Release|x86 = Release|x86
	EndGlobalSection
	GlobalSection(ProjectConfigurationPlatforms) = postSolution
		{F1119508-73DB-47CD-BB6A-0639024EB616}.Debug|x64.ActiveCfg = Debug|x64
		{F1119508-73DB-47CD-BB6A-0639024EB616}.Debug|x64.Build.0 = Debug|x64
		{F1119508-73DB-47CD-BB6A-0639024EB616}.Debug|x86.ActiveCfg = Debug|Win32
		{F1119508-73DB-47CD-BB6A-0639024EB616}.Debug|x86.Build.0 = Debug|Win32
		{F1119508-73DB-47CD-BB6A-0639024EB616}.Release|x64.ActiveCfg = Release|x64
		{F1119508-73DB-47CD-BB6A-0639024EB616}.Release|x64.Build.0 = Release|x64
		{F1119508-73DB-47CD-BB6A-0639024EB616}.Release|x86.ActiveCfg = Release|Win32
		{F1119508-73DB-47CD-BB6A-0639024EB616}.Release|x86.Build.0 = Release|Win32
	EndGlobalSection
	GlobalSection(SolutionProperties) = preSolution
		HideSolutionNode = FALSE
	EndGlobalSection
	GlobalSection(ExtensibilityGlobals) = postSolution
		SolutionGuid = {98C7D2A7-F2ED-494D-8601-30FD81EDD82D}
	EndGlobalSection
EndGlobal
