
Microsoft Visual Studio Solution File, Format Version 12.00
# Visual Studio Version 16
VisualStudioVersion = 16.0.30320.27
MinimumVisualStudioVersion = 10.0.40219.1
Project("{8BC9CEB8-8B4A-11D0-8D11-00A0C91BC942}") = "Week6-2", "Week6-2\Week6-2.vcxproj", "{047C7FEC-21D0-4ECF-BF5C-1137A4BE684D}"
EndProject
Global
	GlobalSection(SolutionConfigurationPlatforms) = preSolution
		Debug|x64 = Debug|x64
		Debug|x86 = Debug|x86
		Release|x64 = Release|x64
		Release|x86 = Release|x86
	EndGlobalSection
	GlobalSection(ProjectConfigurationPlatforms) = postSolution
		{047C7FEC-21D0-4ECF-BF5C-1137A4BE684D}.Debug|x64.ActiveCfg = Debug|x64
		{047C7FEC-21D0-4ECF-BF5C-1137A4BE684D}.Debug|x64.Build.0 = Debug|x64
		{047C7FEC-21D0-4ECF-BF5C-1137A4BE684D}.Debug|x86.ActiveCfg = Debug|Win32
		{047C7FEC-21D0-4ECF-BF5C-1137A4BE684D}.Debug|x86.Build.0 = Debug|Win32
		{047C7FEC-21D0-4ECF-BF5C-1137A4BE684D}.Release|x64.ActiveCfg = Release|x64
		{047C7FEC-21D0-4ECF-BF5C-1137A4BE684D}.Release|x64.Build.0 = Release|x64
		{047C7FEC-21D0-4ECF-BF5C-1137A4BE684D}.Release|x86.ActiveCfg = Release|Win32
		{047C7FEC-21D0-4ECF-BF5C-1137A4BE684D}.Release|x86.Build.0 = Release|Win32
	EndGlobalSection
	GlobalSection(SolutionProperties) = preSolution
		HideSolutionNode = FALSE
	EndGlobalSection
	GlobalSection(ExtensibilityGlobals) = postSolution
		SolutionGuid = {4561F153-3B72-497D-A3F3-42BFC16C05C7}
	EndGlobalSection
EndGlobal
